
Microsoft Visual Studio Solution File, Format Version 12.00
# Visual Studio Version 17
VisualStudioVersion = 17.9.34723.18
MinimumVisualStudioVersion = 10.0.40219.1
Project("{9A19103F-16F7-4668-BE54-9A1E7A4F7556}") = "TrilhaApiDesafio", "TrilhaApiDesafio.csproj", "{AF633FEC-5BCF-488B-A2AA-524C6AC508FB}"
EndProject
Global
	GlobalSection(SolutionConfigurationPlatforms) = preSolution
		Debug|Any CPU = Debug|Any CPU
		Release|Any CPU = Release|Any CPU
	EndGlobalSection
	GlobalSection(ProjectConfigurationPlatforms) = postSolution
		{AF633FEC-5BCF-488B-A2AA-524C6AC508FB}.Debug|Any CPU.ActiveCfg = Debug|Any CPU
		{AF633FEC-5BCF-488B-A2AA-524C6AC508FB}.Debug|Any CPU.Build.0 = Debug|Any CPU
		{AF633FEC-5BCF-488B-A2AA-524C6AC508FB}.Release|Any CPU.ActiveCfg = Release|Any CPU
		{AF633FEC-5BCF-488B-A2AA-524C6AC508FB}.Release|Any CPU.Build.0 = Release|Any CPU
	EndGlobalSection
	GlobalSection(SolutionProperties) = preSolution
		HideSolutionNode = FALSE
	EndGlobalSection
	GlobalSection(ExtensibilityGlobals) = postSolution
		SolutionGuid = {42E7556A-7423-4F83-9117-37010F645BE8}
	EndGlobalSection
EndGlobal
