
Microsoft Visual Studio Solution File, Format Version 12.00
# Visual Studio Version 17
VisualStudioVersion = 17.9.34723.18
MinimumVisualStudioVersion = 10.0.40219.1
Project("{9A19103F-16F7-4668-BE54-9A1E7A4F7556}") = "DesafioPOO", "DesafioPOO.csproj", "{528BCC62-5FE2-4C62-A95B-275AA1D7E1FF}"
EndProject
Global
	GlobalSection(SolutionConfigurationPlatforms) = preSolution
		Debug|Any CPU = Debug|Any CPU
		Release|Any CPU = Release|Any CPU
	EndGlobalSection
	GlobalSection(ProjectConfigurationPlatforms) = postSolution
		{528BCC62-5FE2-4C62-A95B-275AA1D7E1FF}.Debug|Any CPU.ActiveCfg = Debug|Any CPU
		{528BCC62-5FE2-4C62-A95B-275AA1D7E1FF}.Debug|Any CPU.Build.0 = Debug|Any CPU
		{528BCC62-5FE2-4C62-A95B-275AA1D7E1FF}.Release|Any CPU.ActiveCfg = Release|Any CPU
		{528BCC62-5FE2-4C62-A95B-275AA1D7E1FF}.Release|Any CPU.Build.0 = Release|Any CPU
	EndGlobalSection
	GlobalSection(SolutionProperties) = preSolution
		HideSolutionNode = FALSE
	EndGlobalSection
	GlobalSection(ExtensibilityGlobals) = postSolution
		SolutionGuid = {0694143D-19DD-47D9-8110-E71EC8D9DE4D}
	EndGlobalSection
EndGlobal
